{
  "name": "TypeSt-TT",
  "lockfileVersion": 2,
  "requires": true,
  "packages": {
    "": {
      "dependencies": {
        "typemon": "^2.0.0"
      }
    },
    "node_modules/typemon": {
      "version": "2.0.0",
      "resolved": "https://registry.npmjs.org/typemon/-/typemon-2.0.0.tgz",
      "integrity": "sha512-u1pnJOVBGAMzSLwZEb9vXieWi+azXnWbNPL64bT3qBmEl/7jokF64sa3ePGDxSqzmfDDV5m3ugcon/xgipnaNg==",
      "engines": {
        "node": ">=14.x"
      }
    }
  },
  "dependencies": {
    "typemon": {
      "version": "2.0.0",
      "resolved": "https://registry.npmjs.org/typemon/-/typemon-2.0.0.tgz",
      "integrity": "sha512-u1pnJOVBGAMzSLwZEb9vXieWi+azXnWbNPL64bT3qBmEl/7jokF64sa3ePGDxSqzmfDDV5m3ugcon/xgipnaNg=="
    }
  }
}
